// !$*UTF8*$!
{
	archiveVersion = 1;
	classes = {
	};
	objectVersion = 56;
	objects = {

/* Begin PBXBuildFile section */
		400067932CDEC616007037BE /* FetchRecipesApp.swift in Sources */ = {isa = PBXBuildFile; fileRef = 400067922CDEC616007037BE /* FetchRecipesApp.swift */; };
		400067952CDEC616007037BE /* ContentView.swift in Sources */ = {isa = PBXBuildFile; fileRef = 400067942CDEC616007037BE /* ContentView.swift */; };
		400067972CDEC617007037BE /* Assets.xcassets in Resources */ = {isa = PBXBuildFile; fileRef = 400067962CDEC617007037BE /* Assets.xcassets */; };
		4000679A2CDEC617007037BE /* Preview Assets.xcassets in Resources */ = {isa = PBXBuildFile; fileRef = 400067992CDEC617007037BE /* Preview Assets.xcassets */; };
		400067A42CDEC618007037BE /* FetchRecipesTests.swift in Sources */ = {isa = PBXBuildFile; fileRef = 400067A32CDEC618007037BE /* FetchRecipesTests.swift */; };
		400067AE2CDEC618007037BE /* FetchRecipesUITests.swift in Sources */ = {isa = PBXBuildFile; fileRef = 400067AD2CDEC618007037BE /* FetchRecipesUITests.swift */; };
		400067B02CDEC618007037BE /* FetchRecipesUITestsLaunchTests.swift in Sources */ = {isa = PBXBuildFile; fileRef = 400067AF2CDEC618007037BE /* FetchRecipesUITestsLaunchTests.swift */; };
/* End PBXBuildFile section */

/* Begin PBXContainerItemProxy section */
		400067A02CDEC618007037BE /* PBXContainerItemProxy */ = {
			isa = PBXContainerItemProxy;
			containerPortal = 400067872CDEC616007037BE /* Project object */;
			proxyType = 1;
			remoteGlobalIDString = 4000678E2CDEC616007037BE;
			remoteInfo = FetchRecipes;
		};
		400067AA2CDEC618007037BE /* PBXContainerItemProxy */ = {
			isa = PBXContainerItemProxy;
			containerPortal = 400067872CDEC616007037BE /* Project object */;
			proxyType = 1;
			remoteGlobalIDString = 4000678E2CDEC616007037BE;
			remoteInfo = FetchRecipes;
		};
/* End PBXContainerItemProxy section */

/* Begin PBXFileReference section */
		4000678F2CDEC616007037BE /* FetchRecipes.app */ = {isa = PBXFileReference; explicitFileType = wrapper.application; includeInIndex = 0; path = FetchRecipes.app; sourceTree = BUILT_PRODUCTS_DIR; };
		400067922CDEC616007037BE /* FetchRecipesApp.swift */ = {isa = PBXFileReference; lastKnownFileType = sourcecode.swift; path = FetchRecipesApp.swift; sourceTree = "<group>"; };
		400067942CDEC616007037BE /* ContentView.swift */ = {isa = PBXFileReference; lastKnownFileType = sourcecode.swift; path = ContentView.swift; sourceTree = "<group>"; };
		400067962CDEC617007037BE /* Assets.xcassets */ = {isa = PBXFileReference; lastKnownFileType = folder.assetcatalog; path = Assets.xcassets; sourceTree = "<group>"; };
		400067992CDEC617007037BE /* Preview Assets.xcassets */ = {isa = PBXFileReference; lastKnownFileType = folder.assetcatalog; path = "Preview Assets.xcassets"; sourceTree = "<group>"; };
		4000679F2CDEC618007037BE /* FetchRecipesTests.xctest */ = {isa = PBXFileReference; explicitFileType = wrapper.cfbundle; includeInIndex = 0; path = FetchRecipesTests.xctest; sourceTree = BUILT_PRODUCTS_DIR; };
		400067A32CDEC618007037BE /* FetchRecipesTests.swift */ = {isa = PBXFileReference; lastKnownFileType = sourcecode.swift; path = FetchRecipesTests.swift; sourceTree = "<group>"; };
		400067A92CDEC618007037BE /* FetchRecipesUITests.xctest */ = {isa = PBXFileReference; explicitFileType = wrapper.cfbundle; includeInIndex = 0; path = FetchRecipesUITests.xctest; sourceTree = BUILT_PRODUCTS_DIR; };
		400067AD2CDEC618007037BE /* FetchRecipesUITests.swift */ = {isa = PBXFileReference; lastKnownFileType = sourcecode.swift; path = FetchRecipesUITests.swift; sourceTree = "<group>"; };
		400067AF2CDEC618007037BE /* FetchRecipesUITestsLaunchTests.swift */ = {isa = PBXFileReference; lastKnownFileType = sourcecode.swift; path = FetchRecipesUITestsLaunchTests.swift; sourceTree = "<group>"; };
/* End PBXFileReference section */

/* Begin PBXFrameworksBuildPhase section */
		4000678C2CDEC616007037BE /* Frameworks */ = {
			isa = PBXFrameworksBuildPhase;
			buildActionMask = 2147483647;
			files = (
			);
			runOnlyForDeploymentPostprocessing = 0;
		};
		4000679C2CDEC618007037BE /* Frameworks */ = {
			isa = PBXFrameworksBuildPhase;
			buildActionMask = 2147483647;
			files = (
			);
			runOnlyForDeploymentPostprocessing = 0;
		};
		400067A62CDEC618007037BE /* Frameworks */ = {
			isa = PBXFrameworksBuildPhase;
			buildActionMask = 2147483647;
			files = (
			);
			runOnlyForDeploymentPostprocessing = 0;
		};
/* End PBXFrameworksBuildPhase section */

/* Begin PBXGroup section */
		400067862CDEC616007037BE = {
			isa = PBXGroup;
			children = (
				400067912CDEC616007037BE /* FetchRecipes */,
				400067A22CDEC618007037BE /* FetchRecipesTests */,
				400067AC2CDEC618007037BE /* FetchRecipesUITests */,
				400067902CDEC616007037BE /* Products */,
			);
			sourceTree = "<group>";
		};
		400067902CDEC616007037BE /* Products */ = {
			isa = PBXGroup;
			children = (
				4000678F2CDEC616007037BE /* FetchRecipes.app */,
				4000679F2CDEC618007037BE /* FetchRecipesTests.xctest */,
				400067A92CDEC618007037BE /* FetchRecipesUITests.xctest */,
			);
			name = Products;
			sourceTree = "<group>";
		};
		400067912CDEC616007037BE /* FetchRecipes */ = {
			isa = PBXGroup;
			children = (
				400067922CDEC616007037BE /* FetchRecipesApp.swift */,
				400067942CDEC616007037BE /* ContentView.swift */,
				400067962CDEC617007037BE /* Assets.xcassets */,
				400067982CDEC617007037BE /* Preview Content */,
			);
			path = FetchRecipes;
			sourceTree = "<group>";
		};
		400067982CDEC617007037BE /* Preview Content */ = {
			isa = PBXGroup;
			children = (
				400067992CDEC617007037BE /* Preview Assets.xcassets */,
			);
			path = "Preview Content";
			sourceTree = "<group>";
		};
		400067A22CDEC618007037BE /* FetchRecipesTests */ = {
			isa = PBXGroup;
			children = (
				400067A32CDEC618007037BE /* FetchRecipesTests.swift */,
			);
			path = FetchRecipesTests;
			sourceTree = "<group>";
		};
		400067AC2CDEC618007037BE /* FetchRecipesUITests */ = {
			isa = PBXGroup;
			children = (
				400067AD2CDEC618007037BE /* FetchRecipesUITests.swift */,
				400067AF2CDEC618007037BE /* FetchRecipesUITestsLaunchTests.swift */,
			);
			path = FetchRecipesUITests;
			sourceTree = "<group>";
		};
/* End PBXGroup section */

/* Begin PBXNativeTarget section */
		4000678E2CDEC616007037BE /* FetchRecipes */ = {
			isa = PBXNativeTarget;
			buildConfigurationList = 400067B32CDEC618007037BE /* Build configuration list for PBXNativeTarget "FetchRecipes" */;
			buildPhases = (
				4000678B2CDEC616007037BE /* Sources */,
				4000678C2CDEC616007037BE /* Frameworks */,
				4000678D2CDEC616007037BE /* Resources */,
			);
			buildRules = (
			);
			dependencies = (
			);
			name = FetchRecipes;
			productName = FetchRecipes;
			productReference = 4000678F2CDEC616007037BE /* FetchRecipes.app */;
			productType = "com.apple.product-type.application";
		};
		4000679E2CDEC618007037BE /* FetchRecipesTests */ = {
			isa = PBXNativeTarget;
			buildConfigurationList = 400067B62CDEC618007037BE /* Build configuration list for PBXNativeTarget "FetchRecipesTests" */;
			buildPhases = (
				4000679B2CDEC618007037BE /* Sources */,
				4000679C2CDEC618007037BE /* Frameworks */,
				4000679D2CDEC618007037BE /* Resources */,
			);
			buildRules = (
			);
			dependencies = (
				400067A12CDEC618007037BE /* PBXTargetDependency */,
			);
			name = FetchRecipesTests;
			productName = FetchRecipesTests;
			productReference = 4000679F2CDEC618007037BE /* FetchRecipesTests.xctest */;
			productType = "com.apple.product-type.bundle.unit-test";
		};
		400067A82CDEC618007037BE /* FetchRecipesUITests */ = {
			isa = PBXNativeTarget;
			buildConfigurationList = 400067B92CDEC618007037BE /* Build configuration list for PBXNativeTarget "FetchRecipesUITests" */;
			buildPhases = (
				400067A52CDEC618007037BE /* Sources */,
				400067A62CDEC618007037BE /* Frameworks */,
				400067A72CDEC618007037BE /* Resources */,
			);
			buildRules = (
			);
			dependencies = (
				400067AB2CDEC618007037BE /* PBXTargetDependency */,
			);
			name = FetchRecipesUITests;
			productName = FetchRecipesUITests;
			productReference = 400067A92CDEC618007037BE /* FetchRecipesUITests.xctest */;
			productType = "com.apple.product-type.bundle.ui-testing";
		};
/* End PBXNativeTarget section */

/* Begin PBXProject section */
		400067872CDEC616007037BE /* Project object */ = {
			isa = PBXProject;
			attributes = {
				BuildIndependentTargetsInParallel = 1;
				LastSwiftUpdateCheck = 1540;
				LastUpgradeCheck = 1540;
				TargetAttributes = {
					4000678E2CDEC616007037BE = {
						CreatedOnToolsVersion = 15.4;
					};
					4000679E2CDEC618007037BE = {
						CreatedOnToolsVersion = 15.4;
						TestTargetID = 4000678E2CDEC616007037BE;
					};
					400067A82CDEC618007037BE = {
						CreatedOnToolsVersion = 15.4;
						TestTargetID = 4000678E2CDEC616007037BE;
					};
				};
			};
			buildConfigurationList = 4000678A2CDEC616007037BE /* Build configuration list for PBXProject "FetchRecipes" */;
			compatibilityVersion = "Xcode 14.0";
			developmentRegion = en;
			hasScannedForEncodings = 0;
			knownRegions = (
				en,
				Base,
			);
			mainGroup = 400067862CDEC616007037BE;
			productRefGroup = 400067902CDEC616007037BE /* Products */;
			projectDirPath = "";
			projectRoot = "";
			targets = (
				4000678E2CDEC616007037BE /* FetchRecipes */,
				4000679E2CDEC618007037BE /* FetchRecipesTests */,
				400067A82CDEC618007037BE /* FetchRecipesUITests */,
			);
		};
/* End PBXProject section */

/* Begin PBXResourcesBuildPhase section */
		4000678D2CDEC616007037BE /* Resources */ = {
			isa = PBXResourcesBuildPhase;
			buildActionMask = 2147483647;
			files = (
				4000679A2CDEC617007037BE /* Preview Assets.xcassets in Resources */,
				400067972CDEC617007037BE /* Assets.xcassets in Resources */,
			);
			runOnlyForDeploymentPostprocessing = 0;
		};
		4000679D2CDEC618007037BE /* Resources */ = {
			isa = PBXResourcesBuildPhase;
			buildActionMask = 2147483647;
			files = (
			);
			runOnlyForDeploymentPostprocessing = 0;
		};
		400067A72CDEC618007037BE /* Resources */ = {
			isa = PBXResourcesBuildPhase;
			buildActionMask = 2147483647;
			files = (
			);
			runOnlyForDeploymentPostprocessing = 0;
		};
/* End PBXResourcesBuildPhase section */

/* Begin PBXSourcesBuildPhase section */
		4000678B2CDEC616007037BE /* Sources */ = {
			isa = PBXSourcesBuildPhase;
			buildActionMask = 2147483647;
			files = (
				400067952CDEC616007037BE /* ContentView.swift in Sources */,
				400067932CDEC616007037BE /* FetchRecipesApp.swift in Sources */,
			);
			runOnlyForDeploymentPostprocessing = 0;
		};
		4000679B2CDEC618007037BE /* Sources */ = {
			isa = PBXSourcesBuildPhase;
			buildActionMask = 2147483647;
			files = (
				400067A42CDEC618007037BE /* FetchRecipesTests.swift in Sources */,
			);
			runOnlyForDeploymentPostprocessing = 0;
		};
		400067A52CDEC618007037BE /* Sources */ = {
			isa = PBXSourcesBuildPhase;
			buildActionMask = 2147483647;
			files = (
				400067AE2CDEC618007037BE /* FetchRecipesUITests.swift in Sources */,
				400067B02CDEC618007037BE /* FetchRecipesUITestsLaunchTests.swift in Sources */,
			);
			runOnlyForDeploymentPostprocessing = 0;
		};
/* End PBXSourcesBuildPhase section */

/* Begin PBXTargetDependency section */
		400067A12CDEC618007037BE /* PBXTargetDependency */ = {
			isa = PBXTargetDependency;
			target = 4000678E2CDEC616007037BE /* FetchRecipes */;
			targetProxy = 400067A02CDEC618007037BE /* PBXContainerItemProxy */;
		};
		400067AB2CDEC618007037BE /* PBXTargetDependency */ = {
			isa = PBXTargetDependency;
			target = 4000678E2CDEC616007037BE /* FetchRecipes */;
			targetProxy = 400067AA2CDEC618007037BE /* PBXContainerItemProxy */;
		};
/* End PBXTargetDependency section */

/* Begin XCBuildConfiguration section */
		400067B12CDEC618007037BE /* Debug */ = {
			isa = XCBuildConfiguration;
			buildSettings = {
				ALWAYS_SEARCH_USER_PATHS = NO;
				ASSETCATALOG_COMPILER_GENERATE_SWIFT_ASSET_SYMBOL_EXTENSIONS = YES;
				CLANG_ANALYZER_NONNULL = YES;
				CLANG_ANALYZER_NUMBER_OBJECT_CONVERSION = YES_AGGRESSIVE;
				CLANG_CXX_LANGUAGE_STANDARD = "gnu++20";
				CLANG_ENABLE_MODULES = YES;
				CLANG_ENABLE_OBJC_ARC = YES;
				CLANG_ENABLE_OBJC_WEAK = YES;
				CLANG_WARN_BLOCK_CAPTURE_AUTORELEASING = YES;
				CLANG_WARN_BOOL_CONVERSION = YES;
				CLANG_WARN_COMMA = YES;
				CLANG_WARN_CONSTANT_CONVERSION = YES;
				CLANG_WARN_DEPRECATED_OBJC_IMPLEMENTATIONS = YES;
				CLANG_WARN_DIRECT_OBJC_ISA_USAGE = YES_ERROR;
				CLANG_WARN_DOCUMENTATION_COMMENTS = YES;
				CLANG_WARN_EMPTY_BODY = YES;
				CLANG_WARN_ENUM_CONVERSION = YES;
				CLANG_WARN_INFINITE_RECURSION = YES;
				CLANG_WARN_INT_CONVERSION = YES;
				CLANG_WARN_NON_LITERAL_NULL_CONVERSION = YES;
				CLANG_WARN_OBJC_IMPLICIT_RETAIN_SELF = YES;
				CLANG_WARN_OBJC_LITERAL_CONVERSION = YES;
				CLANG_WARN_OBJC_ROOT_CLASS = YES_ERROR;
				CLANG_WARN_QUOTED_INCLUDE_IN_FRAMEWORK_HEADER = YES;
				CLANG_WARN_RANGE_LOOP_ANALYSIS = YES;
				CLANG_WARN_STRICT_PROTOTYPES = YES;
				CLANG_WARN_SUSPICIOUS_MOVE = YES;
				CLANG_WARN_UNGUARDED_AVAILABILITY = YES_AGGRESSIVE;
				CLANG_WARN_UNREACHABLE_CODE = YES;
				CLANG_WARN__DUPLICATE_METHOD_MATCH = YES;
				COPY_PHASE_STRIP = NO;
				DEBUG_INFORMATION_FORMAT = dwarf;
				ENABLE_STRICT_OBJC_MSGSEND = YES;
				ENABLE_TESTABILITY = YES;
				ENABLE_USER_SCRIPT_SANDBOXING = YES;
				GCC_C_LANGUAGE_STANDARD = gnu17;
				GCC_DYNAMIC_NO_PIC = NO;
				GCC_NO_COMMON_BLOCKS = YES;
				GCC_OPTIMIZATION_LEVEL = 0;
				GCC_PREPROCESSOR_DEFINITIONS = (
					"DEBUG=1",
					"$(inherited)",
				);
				GCC_WARN_64_TO_32_BIT_CONVERSION = YES;
				GCC_WARN_ABOUT_RETURN_TYPE = YES_ERROR;
				GCC_WARN_UNDECLARED_SELECTOR = YES;
				GCC_WARN_UNINITIALIZED_AUTOS = YES_AGGRESSIVE;
				GCC_WARN_UNUSED_FUNCTION = YES;
				GCC_WARN_UNUSED_VARIABLE = YES;
				IPHONEOS_DEPLOYMENT_TARGET = 17.5;
				LOCALIZATION_PREFERS_STRING_CATALOGS = YES;
				MTL_ENABLE_DEBUG_INFO = INCLUDE_SOURCE;
				MTL_FAST_MATH = YES;
				ONLY_ACTIVE_ARCH = YES;
				SDKROOT = iphoneos;
				SWIFT_ACTIVE_COMPILATION_CONDITIONS = "DEBUG $(inherited)";
				SWIFT_OPTIMIZATION_LEVEL = "-Onone";
			};
			name = Debug;
		};
		400067B22CDEC618007037BE /* Release */ = {
			isa = XCBuildConfiguration;
			buildSettings = {
				ALWAYS_SEARCH_USER_PATHS = NO;
				ASSETCATALOG_COMPILER_GENERATE_SWIFT_ASSET_SYMBOL_EXTENSIONS = YES;
				CLANG_ANALYZER_NONNULL = YES;
				CLANG_ANALYZER_NUMBER_OBJECT_CONVERSION = YES_AGGRESSIVE;
				CLANG_CXX_LANGUAGE_STANDARD = "gnu++20";
				CLANG_ENABLE_MODULES = YES;
				CLANG_ENABLE_OBJC_ARC = YES;
				CLANG_ENABLE_OBJC_WEAK = YES;
				CLANG_WARN_BLOCK_CAPTURE_AUTORELEASING = YES;
				CLANG_WARN_BOOL_CONVERSION = YES;
				CLANG_WARN_COMMA = YES;
				CLANG_WARN_CONSTANT_CONVERSION = YES;
				CLANG_WARN_DEPRECATED_OBJC_IMPLEMENTATIONS = YES;
				CLANG_WARN_DIRECT_OBJC_ISA_USAGE = YES_ERROR;
				CLANG_WARN_DOCUMENTATION_COMMENTS = YES;
				CLANG_WARN_EMPTY_BODY = YES;
				CLANG_WARN_ENUM_CONVERSION = YES;
				CLANG_WARN_INFINITE_RECURSION = YES;
				CLANG_WARN_INT_CONVERSION = YES;
				CLANG_WARN_NON_LITERAL_NULL_CONVERSION = YES;
				CLANG_WARN_OBJC_IMPLICIT_RETAIN_SELF = YES;
				CLANG_WARN_OBJC_LITERAL_CONVERSION = YES;
				CLANG_WARN_OBJC_ROOT_CLASS = YES_ERROR;
				CLANG_WARN_QUOTED_INCLUDE_IN_FRAMEWORK_HEADER = YES;
				CLANG_WARN_RANGE_LOOP_ANALYSIS = YES;
				CLANG_WARN_STRICT_PROTOTYPES = YES;
				CLANG_WARN_SUSPICIOUS_MOVE = YES;
				CLANG_WARN_UNGUARDED_AVAILABILITY = YES_AGGRESSIVE;
				CLANG_WARN_UNREACHABLE_CODE = YES;
				CLANG_WARN__DUPLICATE_METHOD_MATCH = YES;
				COPY_PHASE_STRIP = NO;
				DEBUG_INFORMATION_FORMAT = "dwarf-with-dsym";
				ENABLE_NS_ASSERTIONS = NO;
				ENABLE_STRICT_OBJC_MSGSEND = YES;
				ENABLE_USER_SCRIPT_SANDBOXING = YES;
				GCC_C_LANGUAGE_STANDARD = gnu17;
				GCC_NO_COMMON_BLOCKS = YES;
				GCC_WARN_64_TO_32_BIT_CONVERSION = YES;
				GCC_WARN_ABOUT_RETURN_TYPE = YES_ERROR;
				GCC_WARN_UNDECLARED_SELECTOR = YES;
				GCC_WARN_UNINITIALIZED_AUTOS = YES_AGGRESSIVE;
				GCC_WARN_UNUSED_FUNCTION = YES;
				GCC_WARN_UNUSED_VARIABLE = YES;
				IPHONEOS_DEPLOYMENT_TARGET = 17.5;
				LOCALIZATION_PREFERS_STRING_CATALOGS = YES;
				MTL_ENABLE_DEBUG_INFO = NO;
				MTL_FAST_MATH = YES;
				SDKROOT = iphoneos;
				SWIFT_COMPILATION_MODE = wholemodule;
				VALIDATE_PRODUCT = YES;
			};
			name = Release;
		};
		400067B42CDEC618007037BE /* Debug */ = {
			isa = XCBuildConfiguration;
			buildSettings = {
				ASSETCATALOG_COMPILER_APPICON_NAME = AppIcon;
				ASSETCATALOG_COMPILER_GLOBAL_ACCENT_COLOR_NAME = AccentColor;
				CODE_SIGN_STYLE = Automatic;
				CURRENT_PROJECT_VERSION = 1;
				DEVELOPMENT_ASSET_PATHS = "\"FetchRecipes/Preview Content\"";
				DEVELOPMENT_TEAM = M8274G4586;
				ENABLE_PREVIEWS = YES;
				GENERATE_INFOPLIST_FILE = YES;
				INFOPLIST_KEY_UIApplicationSceneManifest_Generation = YES;
				INFOPLIST_KEY_UIApplicationSupportsIndirectInputEvents = YES;
				INFOPLIST_KEY_UILaunchScreen_Generation = YES;
				INFOPLIST_KEY_UISupportedInterfaceOrientations_iPad = "UIInterfaceOrientationPortrait UIInterfaceOrientationPortraitUpsideDown UIInterfaceOrientationLandscapeLeft UIInterfaceOrientationLandscapeRight";
				INFOPLIST_KEY_UISupportedInterfaceOrientations_iPhone = "UIInterfaceOrientationPortrait UIInterfaceOrientationLandscapeLeft UIInterfaceOrientationLandscapeRight";
				LD_RUNPATH_SEARCH_PATHS = (
					"$(inherited)",
					"@executable_path/Frameworks",
				);
				MARKETING_VERSION = 1.0;
				PRODUCT_BUNDLE_IDENTIFIER = com.mahanaz.FetchRecipes;
				PRODUCT_NAME = "$(TARGET_NAME)";
				SWIFT_EMIT_LOC_STRINGS = YES;
				SWIFT_VERSION = 5.0;
				TARGETED_DEVICE_FAMILY = "1,2";
			};
			name = Debug;
		};
		400067B52CDEC618007037BE /* Release */ = {
			isa = XCBuildConfiguration;
			buildSettings = {
				ASSETCATALOG_COMPILER_APPICON_NAME = AppIcon;
				ASSETCATALOG_COMPILER_GLOBAL_ACCENT_COLOR_NAME = AccentColor;
				CODE_SIGN_STYLE = Automatic;
				CURRENT_PROJECT_VERSION = 1;
				DEVELOPMENT_ASSET_PATHS = "\"FetchRecipes/Preview Content\"";
				DEVELOPMENT_TEAM = M8274G4586;
				ENABLE_PREVIEWS = YES;
				GENERATE_INFOPLIST_FILE = YES;
				INFOPLIST_KEY_UIApplicationSceneManifest_Generation = YES;
				INFOPLIST_KEY_UIApplicationSupportsIndirectInputEvents = YES;
				INFOPLIST_KEY_UILaunchScreen_Generation = YES;
				INFOPLIST_KEY_UISupportedInterfaceOrientations_iPad = "UIInterfaceOrientationPortrait UIInterfaceOrientationPortraitUpsideDown UIInterfaceOrientationLandscapeLeft UIInterfaceOrientationLandscapeRight";
				INFOPLIST_KEY_UISupportedInterfaceOrientations_iPhone = "UIInterfaceOrientationPortrait UIInterfaceOrientationLandscapeLeft UIInterfaceOrientationLandscapeRight";
				LD_RUNPATH_SEARCH_PATHS = (
					"$(inherited)",
					"@executable_path/Frameworks",
				);
				MARKETING_VERSION = 1.0;
				PRODUCT_BUNDLE_IDENTIFIER = com.mahanaz.FetchRecipes;
				PRODUCT_NAME = "$(TARGET_NAME)";
				SWIFT_EMIT_LOC_STRINGS = YES;
				SWIFT_VERSION = 5.0;
				TARGETED_DEVICE_FAMILY = "1,2";
			};
			name = Release;
		};
		400067B72CDEC618007037BE /* Debug */ = {
			isa = XCBuildConfiguration;
			buildSettings = {
				ALWAYS_EMBED_SWIFT_STANDARD_LIBRARIES = YES;
				BUNDLE_LOADER = "$(TEST_HOST)";
				CODE_SIGN_STYLE = Automatic;
				CURRENT_PROJECT_VERSION = 1;
				DEVELOPMENT_TEAM = M8274G4586;
				GENERATE_INFOPLIST_FILE = YES;
				IPHONEOS_DEPLOYMENT_TARGET = 17.5;
				MARKETING_VERSION = 1.0;
				PRODUCT_BUNDLE_IDENTIFIER = com.mahanaz.FetchRecipesTests;
				PRODUCT_NAME = "$(TARGET_NAME)";
				SWIFT_EMIT_LOC_STRINGS = NO;
				SWIFT_VERSION = 5.0;
				TARGETED_DEVICE_FAMILY = "1,2";
				TEST_HOST = "$(BUILT_PRODUCTS_DIR)/FetchRecipes.app/$(BUNDLE_EXECUTABLE_FOLDER_PATH)/FetchRecipes";
			};
			name = Debug;
		};
		400067B82CDEC618007037BE /* Release */ = {
			isa = XCBuildConfiguration;
			buildSettings = {
				ALWAYS_EMBED_SWIFT_STANDARD_LIBRARIES = YES;
				BUNDLE_LOADER = "$(TEST_HOST)";
				CODE_SIGN_STYLE = Automatic;
				CURRENT_PROJECT_VERSION = 1;
				DEVELOPMENT_TEAM = M8274G4586;
				GENERATE_INFOPLIST_FILE = YES;
				IPHONEOS_DEPLOYMENT_TARGET = 17.5;
				MARKETING_VERSION = 1.0;
				PRODUCT_BUNDLE_IDENTIFIER = com.mahanaz.FetchRecipesTests;
				PRODUCT_NAME = "$(TARGET_NAME)";
				SWIFT_EMIT_LOC_STRINGS = NO;
				SWIFT_VERSION = 5.0;
				TARGETED_DEVICE_FAMILY = "1,2";
				TEST_HOST = "$(BUILT_PRODUCTS_DIR)/FetchRecipes.app/$(BUNDLE_EXECUTABLE_FOLDER_PATH)/FetchRecipes";
			};
			name = Release;
		};
		400067BA2CDEC618007037BE /* Debug */ = {
			isa = XCBuildConfiguration;
			buildSettings = {
				ALWAYS_EMBED_SWIFT_STANDARD_LIBRARIES = YES;
				CODE_SIGN_STYLE = Automatic;
				CURRENT_PROJECT_VERSION = 1;
				DEVELOPMENT_TEAM = M8274G4586;
				GENERATE_INFOPLIST_FILE = YES;
				MARKETING_VERSION = 1.0;
				PRODUCT_BUNDLE_IDENTIFIER = com.mahanaz.FetchRecipesUITests;
				PRODUCT_NAME = "$(TARGET_NAME)";
				SWIFT_EMIT_LOC_STRINGS = NO;
				SWIFT_VERSION = 5.0;
				TARGETED_DEVICE_FAMILY = "1,2";
				TEST_TARGET_NAME = FetchRecipes;
			};
			name = Debug;
		};
		400067BB2CDEC618007037BE /* Release */ = {
			isa = XCBuildConfiguration;
			buildSettings = {
				ALWAYS_EMBED_SWIFT_STANDARD_LIBRARIES = YES;
				CODE_SIGN_STYLE = Automatic;
				CURRENT_PROJECT_VERSION = 1;
				DEVELOPMENT_TEAM = M8274G4586;
				GENERATE_INFOPLIST_FILE = YES;
				MARKETING_VERSION = 1.0;
				PRODUCT_BUNDLE_IDENTIFIER = com.mahanaz.FetchRecipesUITests;
				PRODUCT_NAME = "$(TARGET_NAME)";
				SWIFT_EMIT_LOC_STRINGS = NO;
				SWIFT_VERSION = 5.0;
				TARGETED_DEVICE_FAMILY = "1,2";
				TEST_TARGET_NAME = FetchRecipes;
			};
			name = Release;
		};
/* End XCBuildConfiguration section */

/* Begin XCConfigurationList section */
		4000678A2CDEC616007037BE /* Build configuration list for PBXProject "FetchRecipes" */ = {
			isa = XCConfigurationList;
			buildConfigurations = (
				400067B12CDEC618007037BE /* Debug */,
				400067B22CDEC618007037BE /* Release */,
			);
			defaultConfigurationIsVisible = 0;
			defaultConfigurationName = Release;
		};
		400067B32CDEC618007037BE /* Build configuration list for PBXNativeTarget "FetchRecipes" */ = {
			isa = XCConfigurationList;
			buildConfigurations = (
				400067B42CDEC618007037BE /* Debug */,
				400067B52CDEC618007037BE /* Release */,
			);
			defaultConfigurationIsVisible = 0;
			defaultConfigurationName = Release;
		};
		400067B62CDEC618007037BE /* Build configuration list for PBXNativeTarget "FetchRecipesTests" */ = {
			isa = XCConfigurationList;
			buildConfigurations = (
				400067B72CDEC618007037BE /* Debug */,
				400067B82CDEC618007037BE /* Release */,
			);
			defaultConfigurationIsVisible = 0;
			defaultConfigurationName = Release;
		};
		400067B92CDEC618007037BE /* Build configuration list for PBXNativeTarget "FetchRecipesUITests" */ = {
			isa = XCConfigurationList;
			buildConfigurations = (
				400067BA2CDEC618007037BE /* Debug */,
				400067BB2CDEC618007037BE /* Release */,
			);
			defaultConfigurationIsVisible = 0;
			defaultConfigurationName = Release;
		};
/* End XCConfigurationList section */
	};
	rootObject = 400067872CDEC616007037BE /* Project object */;
}
